
Microsoft Visual Studio Solution File, Format Version 12.00
# Visual Studio Version 16
VisualStudioVersion = 16.0.31424.327
MinimumVisualStudioVersion = 10.0.40219.1
Project("{FAE04EC0-301F-11D3-BF4B-00C04F79EFBC}") = "Pb", "Pb.csproj", "{99FF7A33-7067-4705-81E2-4FAAB14C05D1}"
EndProject
Global
	GlobalSection(SolutionConfigurationPlatforms) = preSolution
		Debug|Any CPU = Debug|Any CPU
		Release|Any CPU = Release|Any CPU
	EndGlobalSection
	GlobalSection(ProjectConfigurationPlatforms) = postSolution
		{99FF7A33-7067-4705-81E2-4FAAB14C05D1}.Debug|Any CPU.ActiveCfg = Debug|Any CPU
		{99FF7A33-7067-4705-81E2-4FAAB14C05D1}.Debug|Any CPU.Build.0 = Debug|Any CPU
		{99FF7A33-7067-4705-81E2-4FAAB14C05D1}.Release|Any CPU.ActiveCfg = Release|Any CPU
		{99FF7A33-7067-4705-81E2-4FAAB14C05D1}.Release|Any CPU.Build.0 = Release|Any CPU
	EndGlobalSection
	GlobalSection(SolutionProperties) = preSolution
		HideSolutionNode = FALSE
	EndGlobalSection
	GlobalSection(ExtensibilityGlobals) = postSolution
		SolutionGuid = {45E61657-79E4-4CD3-A318-3FE855B48425}
	EndGlobalSection
EndGlobal
